
Microsoft Visual Studio Solution File, Format Version 12.00
# Visual Studio Version 16
VisualStudioVersion = 16.0.30711.63
MinimumVisualStudioVersion = 10.0.40219.1
Project("{9A19103F-16F7-4668-BE54-9A1E7A4F7556}") = "gitskills", "gitskills.csproj", "{6806F199-DA83-4A98-AABD-C0B742218B9D}"
EndProject
Global
	GlobalSection(SolutionConfigurationPlatforms) = preSolution
		Debug|Any CPU = Debug|Any CPU
		Release|Any CPU = Release|Any CPU
	EndGlobalSection
	GlobalSection(ProjectConfigurationPlatforms) = postSolution
		{6806F199-DA83-4A98-AABD-C0B742218B9D}.Debug|Any CPU.ActiveCfg = Debug|Any CPU
		{6806F199-DA83-4A98-AABD-C0B742218B9D}.Debug|Any CPU.Build.0 = Debug|Any CPU
		{6806F199-DA83-4A98-AABD-C0B742218B9D}.Release|Any CPU.ActiveCfg = Release|Any CPU
		{6806F199-DA83-4A98-AABD-C0B742218B9D}.Release|Any CPU.Build.0 = Release|Any CPU
	EndGlobalSection
	GlobalSection(SolutionProperties) = preSolution
		HideSolutionNode = FALSE
	EndGlobalSection
	GlobalSection(ExtensibilityGlobals) = postSolution
		SolutionGuid = {977893A8-4A50-4308-8976-EADA7EF72C05}
	EndGlobalSection
EndGlobal
